PODS:
  - Permit (1.0.0)
  - Permit/Tests (1.0.0)

DEPENDENCIES:
  - Permit (from `../../../Permit/Permit.podspec`)
  - Permit/Tests (from `../../../Permit/Permit.podspec`)

EXTERNAL SOURCES:
  Permit:
    :path: "../../../Permit/Permit.podspec"

SPEC CHECKSUMS:
  Permit: 03a7a06f67a55411ad567891a7acf7d2873d1749

PODFILE CHECKSUM: b857983fa94d567e49fc00b3ac5147ec661547ea

COCOAPODS: 1.11.2
